// !$*UTF8*$!
{
	archiveVersion = 1;
	classes = {
	};
	objectVersion = 56;
	objects = {

/* Begin PBXBuildFile section */
		120A6F2A2F43BC8E00C50582 /* horn_sound.mp3 in Resources */ = {isa = PBXBuildFile; fileRef = 120A6F292F43BC8E00C50582 /* horn_sound.mp3 */; };
		120A6F2B2F43BC8E00C50582 /* engine_sound.mp3 in Resources */ = {isa = PBXBuildFile; fileRef = 120A6F282F43BC8E00C50582 /* engine_sound.mp3 */; };
		120A6F2C2F43BC8E00C50582 /* crash_sound.mp3 in Resources */ = {isa = PBXBuildFile; fileRef = 120A6F272F43BC8E00C50582 /* crash_sound.mp3 */; };
		120A6F2D2F43BC8E00C50582 /* background_music.mp3 in Resources */ = {isa = PBXBuildFile; fileRef = 120A6F262F43BC8E00C50582 /* background_music.mp3 */; };
		A1000001 /* AppDelegate.swift in Sources */ = {isa = PBXBuildFile; fileRef = A2000001 /* AppDelegate.swift */; };
		A1000002 /* GameViewController.swift in Sources */ = {isa = PBXBuildFile; fileRef = A2000002 /* GameViewController.swift */; };
		A1000003 /* GameScene.swift in Sources */ = {isa = PBXBuildFile; fileRef = A2000003 /* GameScene.swift */; };
		A1000004 /* MenuScene.swift in Sources */ = {isa = PBXBuildFile; fileRef = A2000004 /* MenuScene.swift */; };
		A1000005 /* TrickSystem.swift in Sources */ = {isa = PBXBuildFile; fileRef = A2000005 /* TrickSystem.swift */; };
		A1000006 /* ControllerManager.swift in Sources */ = {isa = PBXBuildFile; fileRef = A2000006 /* ControllerManager.swift */; };
		A1000007 /* LevelGenerator.swift in Sources */ = {isa = PBXBuildFile; fileRef = A2000007 /* LevelGenerator.swift */; };
		A1000008 /* Assets.xcassets in Resources */ = {isa = PBXBuildFile; fileRef = A2000008 /* Assets.xcassets */; };
/* End PBXBuildFile section */

/* Begin PBXFileReference section */
		120A6F262F43BC8E00C50582 /* background_music.mp3 */ = {isa = PBXFileReference; lastKnownFileType = audio.mp3; path = background_music.mp3; sourceTree = "<group>"; };
		120A6F272F43BC8E00C50582 /* crash_sound.mp3 */ = {isa = PBXFileReference; lastKnownFileType = audio.mp3; path = crash_sound.mp3; sourceTree = "<group>"; };
		120A6F282F43BC8E00C50582 /* engine_sound.mp3 */ = {isa = PBXFileReference; lastKnownFileType = audio.mp3; path = engine_sound.mp3; sourceTree = "<group>"; };
		120A6F292F43BC8E00C50582 /* horn_sound.mp3 */ = {isa = PBXFileReference; lastKnownFileType = audio.mp3; path = horn_sound.mp3; sourceTree = "<group>"; };
		A2000001 /* AppDelegate.swift */ = {isa = PBXFileReference; lastKnownFileType = sourcecode.swift; path = AppDelegate.swift; sourceTree = "<group>"; };
		A2000002 /* GameViewController.swift */ = {isa = PBXFileReference; lastKnownFileType = sourcecode.swift; path = GameViewController.swift; sourceTree = "<group>"; };
		A2000003 /* GameScene.swift */ = {isa = PBXFileReference; lastKnownFileType = sourcecode.swift; path = GameScene.swift; sourceTree = "<group>"; };
		A2000004 /* MenuScene.swift */ = {isa = PBXFileReference; lastKnownFileType = sourcecode.swift; path = MenuScene.swift; sourceTree = "<group>"; };
		A2000005 /* TrickSystem.swift */ = {isa = PBXFileReference; lastKnownFileType = sourcecode.swift; path = TrickSystem.swift; sourceTree = "<group>"; };
		A2000006 /* ControllerManager.swift */ = {isa = PBXFileReference; lastKnownFileType = sourcecode.swift; path = ControllerManager.swift; sourceTree = "<group>"; };
		A2000007 /* LevelGenerator.swift */ = {isa = PBXFileReference; lastKnownFileType = sourcecode.swift; path = LevelGenerator.swift; sourceTree = "<group>"; };
		A2000008 /* Assets.xcassets */ = {isa = PBXFileReference; lastKnownFileType = folder.assetcatalog; path = Assets.xcassets; sourceTree = "<group>"; };
		A2000009 /* Info.plist */ = {isa = PBXFileReference; lastKnownFileType = text.plist.xml; path = Info.plist; sourceTree = "<group>"; };
		A2000010 /* MonsterTruckGame.app */ = {isa = PBXFileReference; explicitFileType = wrapper.application; includeInIndex = 0; path = MonsterTruckGame.app; sourceTree = BUILT_PRODUCTS_DIR; };
/* End PBXFileReference section */

/* Begin PBXFrameworksBuildPhase section */
		A3000001 /* Frameworks */ = {
			isa = PBXFrameworksBuildPhase;
			buildActionMask = 2147483647;
			files = (
			);
			runOnlyForDeploymentPostprocessing = 0;
		};
/* End PBXFrameworksBuildPhase section */

/* Begin PBXGroup section */
		A4000001 = {
			isa = PBXGroup;
			children = (
				A4000002 /* MonsterTruckGame */,
				A4000003 /* Products */,
			);
			sourceTree = "<group>";
		};
		A4000002 /* MonsterTruckGame */ = {
			isa = PBXGroup;
			children = (
				120A6F262F43BC8E00C50582 /* background_music.mp3 */,
				120A6F272F43BC8E00C50582 /* crash_sound.mp3 */,
				120A6F282F43BC8E00C50582 /* engine_sound.mp3 */,
				120A6F292F43BC8E00C50582 /* horn_sound.mp3 */,
				A2000001 /* AppDelegate.swift */,
				A2000002 /* GameViewController.swift */,
				A2000003 /* GameScene.swift */,
				A2000004 /* MenuScene.swift */,
				A2000005 /* TrickSystem.swift */,
				A2000006 /* ControllerManager.swift */,
				A2000007 /* LevelGenerator.swift */,
				A2000008 /* Assets.xcassets */,
				A2000009 /* Info.plist */,
			);
			path = MonsterTruckGame;
			sourceTree = "<group>";
		};
		A4000003 /* Products */ = {
			isa = PBXGroup;
			children = (
				A2000010 /* MonsterTruckGame.app */,
			);
			name = Products;
			sourceTree = "<group>";
		};
/* End PBXGroup section */

/* Begin PBXNativeTarget section */
		A5000001 /* MonsterTruckGame */ = {
			isa = PBXNativeTarget;
			buildConfigurationList = A7000003 /* Build configuration list for PBXNativeTarget "MonsterTruckGame" */;
			buildPhases = (
				A6000001 /* Sources */,
				A3000001 /* Frameworks */,
				A6000002 /* Resources */,
			);
			buildRules = (
			);
			dependencies = (
			);
			name = MonsterTruckGame;
			productName = MonsterTruckGame;
			productReference = A2000010 /* MonsterTruckGame.app */;
			productType = "com.apple.product-type.application";
		};
/* End PBXNativeTarget section */

/* Begin PBXProject section */
		A8000001 /* Project object */ = {
			isa = PBXProject;
			attributes = {
				BuildIndependentTargetsInParallel = 1;
				LastSwiftUpdateCheck = 1500;
				LastUpgradeCheck = 1500;
			};
			buildConfigurationList = A7000001 /* Build configuration list for PBXProject "MonsterTruckGame" */;
			compatibilityVersion = "Xcode 14.0";
			developmentRegion = en;
			hasScannedForEncodings = 0;
			knownRegions = (
				en,
				Base,
			);
			mainGroup = A4000001;
			productRefGroup = A4000003 /* Products */;
			projectDirPath = "";
			projectRoot = "";
			targets = (
				A5000001 /* MonsterTruckGame */,
			);
		};
/* End PBXProject section */

/* Begin PBXResourcesBuildPhase section */
		A6000002 /* Resources */ = {
			isa = PBXResourcesBuildPhase;
			buildActionMask = 2147483647;
			files = (
				A1000008 /* Assets.xcassets in Resources */,
				120A6F2A2F43BC8E00C50582 /* horn_sound.mp3 in Resources */,
				120A6F2B2F43BC8E00C50582 /* engine_sound.mp3 in Resources */,
				120A6F2C2F43BC8E00C50582 /* crash_sound.mp3 in Resources */,
				120A6F2D2F43BC8E00C50582 /* background_music.mp3 in Resources */,
			);
			runOnlyForDeploymentPostprocessing = 0;
		};
/* End PBXResourcesBuildPhase section */

/* Begin PBXSourcesBuildPhase section */
		A6000001 /* Sources */ = {
			isa = PBXSourcesBuildPhase;
			buildActionMask = 2147483647;
			files = (
				A1000001 /* AppDelegate.swift in Sources */,
				A1000002 /* GameViewController.swift in Sources */,
				A1000003 /* GameScene.swift in Sources */,
				A1000004 /* MenuScene.swift in Sources */,
				A1000005 /* TrickSystem.swift in Sources */,
				A1000006 /* ControllerManager.swift in Sources */,
				A1000007 /* LevelGenerator.swift in Sources */,
			);
			runOnlyForDeploymentPostprocessing = 0;
		};
/* End PBXSourcesBuildPhase section */

/* Begin XCBuildConfiguration section */
		A9000001 /* Debug */ = {
			isa = XCBuildConfiguration;
			buildSettings = {
				ALWAYS_SEARCH_USER_PATHS = NO;
				CLANG_ENABLE_MODULES = YES;
				CLANG_ENABLE_OBJC_ARC = YES;
				CODE_SIGN_STYLE = Automatic;
				COPY_PHASE_STRIP = NO;
				DEBUG_INFORMATION_FORMAT = dwarf;
				ENABLE_STRICT_OBJC_MSGSEND = YES;
				GCC_DYNAMIC_NO_PIC = NO;
				GCC_OPTIMIZATION_LEVEL = 0;
				GCC_PREPROCESSOR_DEFINITIONS = (
					"DEBUG=1",
					"$(inherited)",
				);
				MTL_ENABLE_DEBUG_INFO = INCLUDE_SOURCE;
				ONLY_ACTIVE_ARCH = YES;
				SDKROOT = appletvos;
				SWIFT_ACTIVE_COMPILATION_CONDITIONS = DEBUG;
				SWIFT_OPTIMIZATION_LEVEL = "-Onone";
				TVOS_DEPLOYMENT_TARGET = 17.0;
			};
			name = Debug;
		};
		A9000002 /* Release */ = {
			isa = XCBuildConfiguration;
			buildSettings = {
				ALWAYS_SEARCH_USER_PATHS = NO;
				CLANG_ENABLE_MODULES = YES;
				CLANG_ENABLE_OBJC_ARC = YES;
				CODE_SIGN_STYLE = Automatic;
				COPY_PHASE_STRIP = NO;
				DEBUG_INFORMATION_FORMAT = "dwarf-with-dsym";
				ENABLE_NS_ASSERTIONS = NO;
				ENABLE_STRICT_OBJC_MSGSEND = YES;
				MTL_ENABLE_DEBUG_INFO = NO;
				SDKROOT = appletvos;
				SWIFT_COMPILATION_MODE = wholemodule;
				SWIFT_OPTIMIZATION_LEVEL = "-O";
				TVOS_DEPLOYMENT_TARGET = 17.0;
				VALIDATE_PRODUCT = YES;
			};
			name = Release;
		};
		A9000003 /* Debug */ = {
			isa = XCBuildConfiguration;
			buildSettings = {
				ASSETCATALOG_COMPILER_APPICON_NAME = "App Icon & Top Shelf Image";
				CODE_SIGN_STYLE = Automatic;
				DEVELOPMENT_TEAM = VL7V9QNTJW;
				INFOPLIST_FILE = MonsterTruckGame/Info.plist;
				LD_RUNPATH_SEARCH_PATHS = (
					"$(inherited)",
					"@executable_path/Frameworks",
				);
				PRODUCT_BUNDLE_IDENTIFIER = com.konrad.monstertruck;
				PRODUCT_NAME = "$(TARGET_NAME)";
				SWIFT_VERSION = 5.0;
				TARGETED_DEVICE_FAMILY = 3;
			};
			name = Debug;
		};
		A9000004 /* Release */ = {
			isa = XCBuildConfiguration;
			buildSettings = {
				ASSETCATALOG_COMPILER_APPICON_NAME = "App Icon & Top Shelf Image";
				CODE_SIGN_STYLE = Automatic;
				DEVELOPMENT_TEAM = VL7V9QNTJW;
				INFOPLIST_FILE = MonsterTruckGame/Info.plist;
				LD_RUNPATH_SEARCH_PATHS = (
					"$(inherited)",
					"@executable_path/Frameworks",
				);
				PRODUCT_BUNDLE_IDENTIFIER = com.konrad.monstertruck;
				PRODUCT_NAME = "$(TARGET_NAME)";
				SWIFT_VERSION = 5.0;
				TARGETED_DEVICE_FAMILY = 3;
			};
			name = Release;
		};
/* End XCBuildConfiguration section */

/* Begin XCConfigurationList section */
		A7000001 /* Build configuration list for PBXProject "MonsterTruckGame" */ = {
			isa = XCConfigurationList;
			buildConfigurations = (
				A9000001 /* Debug */,
				A9000002 /* Release */,
			);
			defaultConfigurationIsVisible = 0;
			defaultConfigurationName = Release;
		};
		A7000003 /* Build configuration list for PBXNativeTarget "MonsterTruckGame" */ = {
			isa = XCConfigurationList;
			buildConfigurations = (
				A9000003 /* Debug */,
				A9000004 /* Release */,
			);
			defaultConfigurationIsVisible = 0;
			defaultConfigurationName = Release;
		};
/* End XCConfigurationList section */
	};
	rootObject = A8000001 /* Project object */;
}
